
Microsoft Visual Studio Solution File, Format Version 12.00
# Visual Studio 15
VisualStudioVersion = 15.0.28307.168
MinimumVisualStudioVersion = 10.0.40219.1
Project("{F2A71F9B-5D33-465A-A702-920D77279786}") = "FSharpTestOne", "FSharpTestOne\FSharpTestOne.fsproj", "{B81F0DE5-4692-4B12-9DD7-D801643CE660}"
EndProject
Global
	GlobalSection(SolutionConfigurationPlatforms) = preSolution
		Debug|Any CPU = Debug|Any CPU
		Release|Any CPU = Release|Any CPU
	EndGlobalSection
	GlobalSection(ProjectConfigurationPlatforms) = postSolution
		{B81F0DE5-4692-4B12-9DD7-D801643CE660}.Debug|Any CPU.ActiveCfg = Debug|Any CPU
		{B81F0DE5-4692-4B12-9DD7-D801643CE660}.Debug|Any CPU.Build.0 = Debug|Any CPU
		{B81F0DE5-4692-4B12-9DD7-D801643CE660}.Release|Any CPU.ActiveCfg = Release|Any CPU
		{B81F0DE5-4692-4B12-9DD7-D801643CE660}.Release|Any CPU.Build.0 = Release|Any CPU
	EndGlobalSection
	GlobalSection(SolutionProperties) = preSolution
		HideSolutionNode = FALSE
	EndGlobalSection
	GlobalSection(ExtensibilityGlobals) = postSolution
		SolutionGuid = {01B27F7A-A7CD-4D3B-93F0-A6999D381F86}
	EndGlobalSection
EndGlobal
